PODS:
  - CrossroadRegex (1.1.0)
  - R.swift (5.0.3):
    - R.swift.Library (~> 5.0.0)
  - R.swift.Library (5.0.1)

DEPENDENCIES:
  - CrossroadRegex (from `https://github.com/arennow/Regex.git`)
  - R.swift

SPEC REPOS:
  https://github.com/cocoapods/specs.git:
    - R.swift
    - R.swift.Library

EXTERNAL SOURCES:
  CrossroadRegex:
    :git: https://github.com/arennow/Regex.git

CHECKOUT OPTIONS:
  CrossroadRegex:
    :commit: 3d8a6db7036d61156d981a52bc63502e55f95f19
    :git: https://github.com/arennow/Regex.git

SPEC CHECKSUMS:
  CrossroadRegex: 1160812c3b576ad6d565bc6d313af82c5ef2e30f
  R.swift: f5a87643b91ea569d23d6afb3eee9c743edde239
  R.swift.Library: cfe85d569d9bae6cb262922db130e7c3a7a5fad1

PODFILE CHECKSUM: cb2066d7c9004edd7cc29d3cc3758de9bb4227e8

COCOAPODS: 1.6.1
